
Microsoft Visual Studio Solution File, Format Version 10.00
# Visual C++ Express 2008
Project("{8BC9CEB8-8B4A-11D0-8D11-00A0C91BC942}") = "PhoneNumberFinder", "PhoneNumberFinder\PhoneNumberFinder.vcproj", "{7F909769-D2E9-42D0-8B38-DB1C00791A1E}"
EndProject
Global
	GlobalSection(SolutionConfigurationPlatforms) = preSolution
		Debug|Win32 = Debug|Win32
		Release|Win32 = Release|Win32
	EndGlobalSection
	GlobalSection(ProjectConfigurationPlatforms) = postSolution
		{7F909769-D2E9-42D0-8B38-DB1C00791A1E}.Debug|Win32.ActiveCfg = Debug|Win32
		{7F909769-D2E9-42D0-8B38-DB1C00791A1E}.Debug|Win32.Build.0 = Debug|Win32
		{7F909769-D2E9-42D0-8B38-DB1C00791A1E}.Release|Win32.ActiveCfg = Release|Win32
		{7F909769-D2E9-42D0-8B38-DB1C00791A1E}.Release|Win32.Build.0 = Release|Win32
	EndGlobalSection
	GlobalSection(SolutionProperties) = preSolution
		HideSolutionNode = FALSE
	EndGlobalSection
EndGlobal
